
Microsoft Visual Studio Solution File, Format Version 12.00
# Visual Studio Version 17
VisualStudioVersion = 17.11.35312.102
MinimumVisualStudioVersion = 10.0.40219.1
Project("{FAE04EC0-301F-11D3-BF4B-00C04F79EFBC}") = "Classes", "Classes\Classes.csproj", "{03A892D1-E420-4534-BF0B-8884759EFDA3}"
EndProject
Project("{FAE04EC0-301F-11D3-BF4B-00C04F79EFBC}") = "GUI", "GUI\GUI.csproj", "{5AF9227D-A82D-49BF-B646-A98F395D5C9D}"
EndProject
Project("{FAE04EC0-301F-11D3-BF4B-00C04F79EFBC}") = "Functions", "Functions\Functions.csproj", "{2167B8E7-025A-4F93-BD54-A99A8CD873D3}"
EndProject
Global
	GlobalSection(SolutionConfigurationPlatforms) = preSolution
		Debug|Any CPU = Debug|Any CPU
		Release|Any CPU = Release|Any CPU
	EndGlobalSection
	GlobalSection(ProjectConfigurationPlatforms) = postSolution
		{03A892D1-E420-4534-BF0B-8884759EFDA3}.Debug|Any CPU.ActiveCfg = Debug|Any CPU
		{03A892D1-E420-4534-BF0B-8884759EFDA3}.Debug|Any CPU.Build.0 = Debug|Any CPU
		{03A892D1-E420-4534-BF0B-8884759EFDA3}.Release|Any CPU.ActiveCfg = Release|Any CPU
		{03A892D1-E420-4534-BF0B-8884759EFDA3}.Release|Any CPU.Build.0 = Release|Any CPU
		{5AF9227D-A82D-49BF-B646-A98F395D5C9D}.Debug|Any CPU.ActiveCfg = Debug|Any CPU
		{5AF9227D-A82D-49BF-B646-A98F395D5C9D}.Debug|Any CPU.Build.0 = Debug|Any CPU
		{5AF9227D-A82D-49BF-B646-A98F395D5C9D}.Release|Any CPU.ActiveCfg = Release|Any CPU
		{5AF9227D-A82D-49BF-B646-A98F395D5C9D}.Release|Any CPU.Build.0 = Release|Any CPU
		{2167B8E7-025A-4F93-BD54-A99A8CD873D3}.Debug|Any CPU.ActiveCfg = Debug|Any CPU
		{2167B8E7-025A-4F93-BD54-A99A8CD873D3}.Debug|Any CPU.Build.0 = Debug|Any CPU
		{2167B8E7-025A-4F93-BD54-A99A8CD873D3}.Release|Any CPU.ActiveCfg = Release|Any CPU
		{2167B8E7-025A-4F93-BD54-A99A8CD873D3}.Release|Any CPU.Build.0 = Release|Any CPU
	EndGlobalSection
	GlobalSection(SolutionProperties) = preSolution
		HideSolutionNode = FALSE
	EndGlobalSection
	GlobalSection(ExtensibilityGlobals) = postSolution
		SolutionGuid = {B6399D0F-3075-4FA7-AE6A-4473FA56ABCB}
	EndGlobalSection
EndGlobal
